
Microsoft Visual Studio Solution File, Format Version 12.00
# Visual Studio Version 16
VisualStudioVersion = 16.0.30804.86
MinimumVisualStudioVersion = 10.0.40219.1
Project("{FAE04EC0-301F-11D3-BF4B-00C04F79EFBC}") = "LogExample", "LogExample.csproj", "{9C8FFFCC-CC25-4E76-A8FA-739C98D7A2EB}"
EndProject
Global
	GlobalSection(SolutionConfigurationPlatforms) = preSolution
		Debug|Any CPU = Debug|Any CPU
		Release|Any CPU = Release|Any CPU
	EndGlobalSection
	GlobalSection(ProjectConfigurationPlatforms) = postSolution
		{9C8FFFCC-CC25-4E76-A8FA-739C98D7A2EB}.Debug|Any CPU.ActiveCfg = Debug|Any CPU
		{9C8FFFCC-CC25-4E76-A8FA-739C98D7A2EB}.Debug|Any CPU.Build.0 = Debug|Any CPU
		{9C8FFFCC-CC25-4E76-A8FA-739C98D7A2EB}.Release|Any CPU.ActiveCfg = Release|Any CPU
		{9C8FFFCC-CC25-4E76-A8FA-739C98D7A2EB}.Release|Any CPU.Build.0 = Release|Any CPU
	EndGlobalSection
	GlobalSection(SolutionProperties) = preSolution
		HideSolutionNode = FALSE
	EndGlobalSection
	GlobalSection(ExtensibilityGlobals) = postSolution
		SolutionGuid = {009EBD8B-C32C-44AD-A01B-139FA0DEC4A7}
	EndGlobalSection
EndGlobal
